Microsoft Visual Studio Solution File, Format Version 12.00
# Visual Studio 2012
Project("{FAE04EC0-301F-11D3-BF4B-00C04F79EFBC}") = "DocumentManagerBarMerging", "DocumentManagerBarMerging\DocumentManagerBarMerging.csproj", "{47EF4A00-2000-4157-AC6C-4B4ED2166188}"
EndProject
Global
	GlobalSection(SolutionConfigurationPlatforms) = preSolution
		Debug|Any CPU = Debug|Any CPU
		Release|Any CPU = Release|Any CPU
	EndGlobalSection
	GlobalSection(ProjectConfigurationPlatforms) = postSolution
		{47EF4A00-2000-4157-AC6C-4B4ED2166188}.Debug|Any CPU.ActiveCfg = Debug|Any CPU
		{47EF4A00-2000-4157-AC6C-4B4ED2166188}.Debug|Any CPU.Build.0 = Debug|Any CPU
		{47EF4A00-2000-4157-AC6C-4B4ED2166188}.Release|Any CPU.ActiveCfg = Release|Any CPU
		{47EF4A00-2000-4157-AC6C-4B4ED2166188}.Release|Any CPU.Build.0 = Release|Any CPU
	EndGlobalSection
	GlobalSection(SolutionProperties) = preSolution
		HideSolutionNode = FALSE
	EndGlobalSection
EndGlobal
